
Microsoft Visual Studio Solution File, Format Version 12.00
# Visual Studio Version 17
VisualStudioVersion = 17.8.34330.188
MinimumVisualStudioVersion = 10.0.40219.1
Project("{FAE04EC0-301F-11D3-BF4B-00C04F79EFBC}") = "Inventory Unit Template", "Inventory Unit Template\Inventory Unit Template.csproj", "{1C3F1734-CC8E-4ADE-92C5-C4E85B939828}"
EndProject
Global
	GlobalSection(SolutionConfigurationPlatforms) = preSolution
		Debug|Any CPU = Debug|Any CPU
		Release|Any CPU = Release|Any CPU
	EndGlobalSection
	GlobalSection(ProjectConfigurationPlatforms) = postSolution
		{1C3F1734-CC8E-4ADE-92C5-C4E85B939828}.Debug|Any CPU.ActiveCfg = Debug|Any CPU
		{1C3F1734-CC8E-4ADE-92C5-C4E85B939828}.Debug|Any CPU.Build.0 = Debug|Any CPU
		{1C3F1734-CC8E-4ADE-92C5-C4E85B939828}.Release|Any CPU.ActiveCfg = Release|Any CPU
		{1C3F1734-CC8E-4ADE-92C5-C4E85B939828}.Release|Any CPU.Build.0 = Release|Any CPU
	EndGlobalSection
	GlobalSection(SolutionProperties) = preSolution
		HideSolutionNode = FALSE
	EndGlobalSection
	GlobalSection(ExtensibilityGlobals) = postSolution
		SolutionGuid = {BB6C2BE0-4CD2-45DF-BA2B-BD5BDCDF6BEC}
	EndGlobalSection
EndGlobal
